github.com/hungryram/re-template-august2021 v0.0.0-20211001001330-2b2f966e4e5b h1:QdHJIMIU6mtOQR2yg1qqDZz6eRA5tpu4hWJHMAGFTiw=
github.com/hungryram/re-template-august2021 v0.0.0-20211001001330-2b2f966e4e5b/go.mod h1:Z27FhCmPeYXZ4iPtcDurJ1WcDD11YBtK2uoQvRZyvhQ=
github.com/hungryram/yooripark2021 v0.0.0-20210927183957-7e7300ce7902 h1:bnAeNNpoXdOv5RECnW+Hnx1yZ7wpwj5b9GddtGredGs=
github.com/hungryram/yooripark2021 v0.0.0-20210927183957-7e7300ce7902/go.mod h1:0PVHwvnnpUJO53jbgRS3XBO0UwahdGHUjfmC7oRd7kQ=
